# This file is automatically @generated by Poetry and should not be changed by hand.

[[package]]
name = "async-timeout"
version = "4.0.2"
description = "Timeout context manager for asyncio programs"
category = "main"
optional = false
python-versions = ">=3.6"
files = [
    {file = "async-timeout-4.0.2.tar.gz", hash = "sha256:2163e1640ddb52b7a8c80d0a67a08587e5d245cc9c553a74a847056bc2976b15"},
    {file = "async_timeout-4.0.2-py3-none-any.whl", hash = "sha256:8ca1e4fcf50d07413d66d1a5e416e42cfdf5851c981d679a09851a6853383b3c"},
]

[[package]]
name = "click"
version = "7.1.2"
description = "Composable command line interface toolkit"
category = "main"
optional = false
python-versions = ">=2.7, !=3.0.*, !=3.1.*, !=3.2.*, !=3.3.*, !=3.4.*"
files = [
    {file = "click-7.1.2-py2.py3-none-any.whl", hash = "sha256:dacca89f4bfadd5de3d7489b7c8a566eee0d3676333fbb50030263894c38c0dc"},
    {file = "click-7.1.2.tar.gz", hash = "sha256:d2b5255c7c6349bc1bd1e59e08cd12acbbd63ce649f2588755783aa94dfb6b1a"},
]

[[package]]
name = "obd"
version = "0.7.1"
description = "Serial module for handling live sensor data from a vehicle's OBD-II port"
category = "main"
optional = false
python-versions = "*"
files = [
    {file = "obd-0.7.1.tar.gz", hash = "sha256:8b81ea5896157b6e861af12e173c10b001cb6cca6ebb04db2c01d326812ad77b"},
]

[package.dependencies]
pint = ">=0.7.0,<0.8.0"
pyserial = ">=3.0.0,<4.0.0"

[[package]]
name = "pint"
version = "0.7.2"
description = "Physical quantities module"
category = "main"
optional = false
python-versions = "*"
files = [
    {file = "Pint-0.7.2.tar.gz", hash = "sha256:38b97d352a6376bb4e957095c8b75c1c2aa8edbf9a7ccf058d69b147862e77ad"},
]

[[package]]
name = "pyserial"
version = "3.4"
description = "Python Serial Port Extension"
category = "main"
optional = false
python-versions = "*"
files = [
    {file = "pyserial-3.4-py2.py3-none-any.whl", hash = "sha256:e0770fadba80c31013896c7e6ef703f72e7834965954a78e71a3049488d4d7d8"},
    {file = "pyserial-3.4.tar.gz", hash = "sha256:6e2d401fdee0eab996cf734e67773a0143b932772ca8b42451440cfed942c627"},
]

[[package]]
name = "redis"
version = "4.5.3"
description = "Python client for Redis database and key-value store"
category = "main"
optional = false
python-versions = ">=3.7"
files = [
    {file = "redis-4.5.3-py3-none-any.whl", hash = "sha256:7df17a0a2b72a4c8895b462dd07616c51b1dcb48fdd7ecb7b6f4bf39ecb2e94e"},
    {file = "redis-4.5.3.tar.gz", hash = "sha256:56732e156fe31801c4f43396bd3ca0c2a7f6f83d7936798531b9848d103381aa"},
]

[package.dependencies]
async-timeout = {version = ">=4.0.2", markers = "python_version < \"3.11\""}

[package.extras]
hiredis = ["hiredis (>=1.0.0)"]
ocsp = ["cryptography (>=36.0.1)", "pyopenssl (==20.0.1)", "requests (>=2.26.0)"]

[metadata]
lock-version = "2.0"
python-versions = "^3.8"
content-hash = "edf6fadf0688b65ff0d79576047a4419d3c8461b79efe49aa79d9b2c99b0570d"
